// !$*UTF8*$!
{
	archiveVersion = 1;
	classes = {
	};
	objectVersion = 46;
	objects = {

/* Begin PBXGroup section */
		9C6DCA4C15ECCED8009AFDC7 = {
			isa = PBXGroup;
			children = (
			);
			sourceTree = "<group>";
		};
/* End PBXGroup section */

/* Begin PBXProject section */
		9C6DCA4E15ECCED8009AFDC7 /* Project object */ = {
			isa = PBXProject;
			attributes = {
				LastUpgradeCheck = 0430;
			};
			buildConfigurationList = 9C6DCA5115ECCED8009AFDC7 /* Build configuration list for PBXProject "iAlarmResoures" */;
			compatibilityVersion = "Xcode 3.2";
			developmentRegion = English;
			hasScannedForEncodings = 0;
			knownRegions = (
				en,
			);
			mainGroup = 9C6DCA4C15ECCED8009AFDC7;
			projectDirPath = "";
			projectRoot = "";
			targets = (
			);
		};
/* End PBXProject section */

/* Begin XCBuildConfiguration section */
		9C6DCA5315ECCED8009AFDC7 /* Debug */ = {
			isa = XCBuildConfiguration;
			buildSettings = {
			};
			name = Debug;
		};
		9C6DCA5415ECCED8009AFDC7 /* Release */ = {
			isa = XCBuildConfiguration;
			buildSettings = {
			};
			name = Release;
		};
/* End XCBuildConfiguration section */

/* Begin XCConfigurationList section */
		9C6DCA5115ECCED8009AFDC7 /* Build configuration list for PBXProject "iAlarmResoures" */ = {
			isa = XCConfigurationList;
			buildConfigurations = (
				9C6DCA5315ECCED8009AFDC7 /* Debug */,
				9C6DCA5415ECCED8009AFDC7 /* Release */,
			);
			defaultConfigurationIsVisible = 0;
			defaultConfigurationName = Release;
		};
/* End XCConfigurationList section */
	};
	rootObject = 9C6DCA4E15ECCED8009AFDC7 /* Project object */;
}
